PODS:
  - Flutter (1.0.0)
  - fluttertoast (0.0.2):
    - Flutter
    - Toast
  - gt4_flutter_plugin (0.0.2):
    - Flutter
    - gt4_flutter_plugin/Vendor (= 0.0.2)
  - gt4_flutter_plugin/Vendor (0.0.2):
    - Flutter
  - Toast (4.0.0)

DEPENDENCIES:
  - Flutter (from `Flutter`)
  - fluttertoast (from `.symlinks/plugins/fluttertoast/ios`)
  - gt4_flutter_plugin (from `.symlinks/plugins/gt4_flutter_plugin/ios`)

SPEC REPOS:
  trunk:
    - Toast

EXTERNAL SOURCES:
  Flutter:
    :path: Flutter
  fluttertoast:
    :path: ".symlinks/plugins/fluttertoast/ios"
  gt4_flutter_plugin:
    :path: ".symlinks/plugins/gt4_flutter_plugin/ios"

SPEC CHECKSUMS:
  Flutter: e0871f40cf51350855a761d2e70bf5af5b9b5de7
  fluttertoast: 76fea30fcf04176325f6864c87306927bd7d2038
  gt4_flutter_plugin: 836677ce6a6176e33ec0f89594f34fc3c5fa71ae
  Toast: 91b396c56ee72a5790816f40d3a94dd357abc196

PODFILE CHECKSUM: e16eac9ab5ec81ebccaeb5d09cef1eaf8268d7ab

COCOAPODS: 1.16.2
